
Microsoft Visual Studio Solution File, Format Version 12.00
# Visual Studio Version 17
VisualStudioVersion = 17.5.002.0
MinimumVisualStudioVersion = 10.0.40219.1
Project("{9A19103F-16F7-4668-BE54-9A1E7A4F7556}") = "Otreba_Kacper_2E", "Otreba_Kacper_2E.csproj", "{CC7BA883-19A0-413B-9B7F-A309E57FECB9}"
EndProject
Global
	GlobalSection(SolutionConfigurationPlatforms) = preSolution
		Debug|Any CPU = Debug|Any CPU
		Release|Any CPU = Release|Any CPU
	EndGlobalSection
	GlobalSection(ProjectConfigurationPlatforms) = postSolution
		{CC7BA883-19A0-413B-9B7F-A309E57FECB9}.Debug|Any CPU.ActiveCfg = Debug|Any CPU
		{CC7BA883-19A0-413B-9B7F-A309E57FECB9}.Debug|Any CPU.Build.0 = Debug|Any CPU
		{CC7BA883-19A0-413B-9B7F-A309E57FECB9}.Release|Any CPU.ActiveCfg = Release|Any CPU
		{CC7BA883-19A0-413B-9B7F-A309E57FECB9}.Release|Any CPU.Build.0 = Release|Any CPU
	EndGlobalSection
	GlobalSection(SolutionProperties) = preSolution
		HideSolutionNode = FALSE
	EndGlobalSection
	GlobalSection(ExtensibilityGlobals) = postSolution
		SolutionGuid = {6D4F35D3-ADC0-4821-9764-05058483AF2C}
	EndGlobalSection
EndGlobal
