
Microsoft Visual Studio Solution File, Format Version 12.00
# Visual Studio Version 17
VisualStudioVersion = 17.5.002.0
MinimumVisualStudioVersion = 10.0.40219.1
Project("{9A19103F-16F7-4668-BE54-9A1E7A4F7556}") = "lekcja_2023.12.06", "lekcja_2023.12.06\lekcja_2023.12.06.csproj", "{9E65D13E-3139-4120-B78B-0DEC21BCD0B1}"
EndProject
Project("{9A19103F-16F7-4668-BE54-9A1E7A4F7556}") = "lekcja_2023.12.13", "lekcja_2023.12.13\lekcja_2023.12.13.csproj", "{859FD28A-BE07-424D-88EB-8CD8763A5E28}"
EndProject
Global
	GlobalSection(SolutionConfigurationPlatforms) = preSolution
		Debug|Any CPU = Debug|Any CPU
		Release|Any CPU = Release|Any CPU
	EndGlobalSection
	GlobalSection(ProjectConfigurationPlatforms) = postSolution
		{9E65D13E-3139-4120-B78B-0DEC21BCD0B1}.Debug|Any CPU.ActiveCfg = Debug|Any CPU
		{9E65D13E-3139-4120-B78B-0DEC21BCD0B1}.Debug|Any CPU.Build.0 = Debug|Any CPU
		{9E65D13E-3139-4120-B78B-0DEC21BCD0B1}.Release|Any CPU.ActiveCfg = Release|Any CPU
		{9E65D13E-3139-4120-B78B-0DEC21BCD0B1}.Release|Any CPU.Build.0 = Release|Any CPU
		{859FD28A-BE07-424D-88EB-8CD8763A5E28}.Debug|Any CPU.ActiveCfg = Debug|Any CPU
		{859FD28A-BE07-424D-88EB-8CD8763A5E28}.Debug|Any CPU.Build.0 = Debug|Any CPU
		{859FD28A-BE07-424D-88EB-8CD8763A5E28}.Release|Any CPU.ActiveCfg = Release|Any CPU
		{859FD28A-BE07-424D-88EB-8CD8763A5E28}.Release|Any CPU.Build.0 = Release|Any CPU
	EndGlobalSection
	GlobalSection(SolutionProperties) = preSolution
		HideSolutionNode = FALSE
	EndGlobalSection
	GlobalSection(ExtensibilityGlobals) = postSolution
		SolutionGuid = {7455172E-66FF-4E21-9438-E2C514AA58BB}
	EndGlobalSection
EndGlobal
