
Microsoft Visual Studio Solution File, Format Version 12.00
# Visual Studio Version 17
VisualStudioVersion = 17.5.002.0
MinimumVisualStudioVersion = 10.0.40219.1
Project("{9A19103F-16F7-4668-BE54-9A1E7A4F7556}") = "lekcja_2023.12.06", "lekcja_2023.12.06\lekcja_2023.12.06.csproj", "{9E65D13E-3139-4120-B78B-0DEC21BCD0B1}"
EndProject
Project("{9A19103F-16F7-4668-BE54-9A1E7A4F7556}") = "lekcja_2023.12.13", "lekcja_2023.12.13\lekcja_2023.12.13.csproj", "{859FD28A-BE07-424D-88EB-8CD8763A5E28}"
EndProject
Project("{FAE04EC0-301F-11D3-BF4B-00C04F79EFBC}") = "lekcja_2024.01.31", "lekcja_2024.01.31\lekcja_2024.01.31.csproj", "{506322B5-ED90-4F2A-AC76-2FD8E865E4BA}"
EndProject
Project("{FAE04EC0-301F-11D3-BF4B-00C04F79EFBC}") = "lekcja_2024.02.28", "lekcja_2024.02.28\lekcja_2024.02.28.csproj", "{EB829F4F-7D75-4818-A164-C2BB28E0F0C7}"
EndProject
Project("{FAE04EC0-301F-11D3-BF4B-00C04F79EFBC}") = "lekcja_2024.03.06", "lekcja_2024.03.06\lekcja_2024.03.06.csproj", "{B98E4278-11F9-4FD9-B7D4-5B20C7736A53}"
EndProject
Project("{FAE04EC0-301F-11D3-BF4B-00C04F79EFBC}") = "lekcja_2024.03.13", "lekcja_2024.03.13\lekcja_2024.03.13.csproj", "{BE7EB93A-CE47-4C75-BBF3-0E3BEC674309}"
EndProject
Project("{FAE04EC0-301F-11D3-BF4B-00C04F79EFBC}") = "lekcja_2024.03.20", "lekcja_2024.03.20\lekcja_2024.03.20.csproj", "{ECEE8D98-E66A-4987-B9D0-8C19AD4F2461}"
EndProject
Project("{FAE04EC0-301F-11D3-BF4B-00C04F79EFBC}") = "lekcja_2024.04.10", "lekcja_2024.04.10\lekcja_2024.04.10.csproj", "{F2098444-B52C-42FE-85B7-3732C894BECD}"
EndProject
Project("{FAE04EC0-301F-11D3-BF4B-00C04F79EFBC}") = "lekcja_2024.04.10v2", "lekcja_2024.04.10v2\lekcja_2024.04.10v2.csproj", "{DCEBC248-9A30-491A-8D75-D3B72ED5E5BB}"
EndProject
Project("{FAE04EC0-301F-11D3-BF4B-00C04F79EFBC}") = "lekcja_2024.04.10v3", "lekcja_2024.04.10v3\lekcja_2024.04.10v3.csproj", "{1A6BFB83-D59F-4AF3-A5E3-A9F5010E84F2}"
EndProject
Project("{FAE04EC0-301F-11D3-BF4B-00C04F79EFBC}") = "lekcja_2024.04.10v4", "lekcja_2024.04.10v4\lekcja_2024.04.10v4.csproj", "{B33E78DF-C238-44B2-B078-ABA1EFCA1D85}"
EndProject
Project("{2150E333-8FDC-42A3-9474-1A3956D46DE8}") = "cwiczenia", "cwiczenia", "{E31659FE-3905-479B-B85E-DA4ABAB27B70}"
EndProject
Project("{FAE04EC0-301F-11D3-BF4B-00C04F79EFBC}") = "Kolekcje1grSPR", "cwiczenia\Kolekcje1grSPR\Kolekcje1grSPR.csproj", "{5B12DD44-9BEF-49EA-86A5-B983217ECF81}"
EndProject
Project("{2150E333-8FDC-42A3-9474-1A3956D46DE8}") = "KlasyCwiczenia", "KlasyCwiczenia", "{FCC766EA-22A4-42A8-A11D-FDE135E87A61}"
EndProject
Project("{FAE04EC0-301F-11D3-BF4B-00C04F79EFBC}") = "Composite3", "cwiczenia\KlasyCwiczenia\Composite3\Composite3.csproj", "{D35055F7-BC7A-4824-A4CC-1338DBA458A5}"
EndProject
Project("{FAE04EC0-301F-11D3-BF4B-00C04F79EFBC}") = "Fasada4", "cwiczenia\KlasyCwiczenia\Fasada4\Fasada4.csproj", "{BD46CF3A-BDBD-49DC-BB33-E6C0A7E832BE}"
EndProject
Project("{FAE04EC0-301F-11D3-BF4B-00C04F79EFBC}") = "Composite2", "cwiczenia\KlasyCwiczenia\CompositeBartek\Composite2.csproj", "{BB51777F-30DE-4011-9EF3-030627626096}"
EndProject
Project("{FAE04EC0-301F-11D3-BF4B-00C04F79EFBC}") = "Fasada2", "cwiczenia\KlasyCwiczenia\Fasada2\Fasada2.csproj", "{285194C7-7696-4AD6-A19F-F78E59F6383A}"
EndProject
Global
	GlobalSection(SolutionConfigurationPlatforms) = preSolution
		Debug|Any CPU = Debug|Any CPU
		Release|Any CPU = Release|Any CPU
	EndGlobalSection
	GlobalSection(ProjectConfigurationPlatforms) = postSolution
		{9E65D13E-3139-4120-B78B-0DEC21BCD0B1}.Debug|Any CPU.ActiveCfg = Debug|Any CPU
		{9E65D13E-3139-4120-B78B-0DEC21BCD0B1}.Debug|Any CPU.Build.0 = Debug|Any CPU
		{9E65D13E-3139-4120-B78B-0DEC21BCD0B1}.Release|Any CPU.ActiveCfg = Release|Any CPU
		{9E65D13E-3139-4120-B78B-0DEC21BCD0B1}.Release|Any CPU.Build.0 = Release|Any CPU
		{859FD28A-BE07-424D-88EB-8CD8763A5E28}.Debug|Any CPU.ActiveCfg = Debug|Any CPU
		{859FD28A-BE07-424D-88EB-8CD8763A5E28}.Debug|Any CPU.Build.0 = Debug|Any CPU
		{859FD28A-BE07-424D-88EB-8CD8763A5E28}.Release|Any CPU.ActiveCfg = Release|Any CPU
		{859FD28A-BE07-424D-88EB-8CD8763A5E28}.Release|Any CPU.Build.0 = Release|Any CPU
		{506322B5-ED90-4F2A-AC76-2FD8E865E4BA}.Debug|Any CPU.ActiveCfg = Debug|Any CPU
		{506322B5-ED90-4F2A-AC76-2FD8E865E4BA}.Debug|Any CPU.Build.0 = Debug|Any CPU
		{506322B5-ED90-4F2A-AC76-2FD8E865E4BA}.Release|Any CPU.ActiveCfg = Release|Any CPU
		{506322B5-ED90-4F2A-AC76-2FD8E865E4BA}.Release|Any CPU.Build.0 = Release|Any CPU
		{EB829F4F-7D75-4818-A164-C2BB28E0F0C7}.Debug|Any CPU.ActiveCfg = Debug|Any CPU
		{EB829F4F-7D75-4818-A164-C2BB28E0F0C7}.Debug|Any CPU.Build.0 = Debug|Any CPU
		{EB829F4F-7D75-4818-A164-C2BB28E0F0C7}.Release|Any CPU.ActiveCfg = Release|Any CPU
		{EB829F4F-7D75-4818-A164-C2BB28E0F0C7}.Release|Any CPU.Build.0 = Release|Any CPU
		{B98E4278-11F9-4FD9-B7D4-5B20C7736A53}.Debug|Any CPU.ActiveCfg = Debug|Any CPU
		{B98E4278-11F9-4FD9-B7D4-5B20C7736A53}.Debug|Any CPU.Build.0 = Debug|Any CPU
		{B98E4278-11F9-4FD9-B7D4-5B20C7736A53}.Release|Any CPU.ActiveCfg = Release|Any CPU
		{B98E4278-11F9-4FD9-B7D4-5B20C7736A53}.Release|Any CPU.Build.0 = Release|Any CPU
		{BE7EB93A-CE47-4C75-BBF3-0E3BEC674309}.Debug|Any CPU.ActiveCfg = Debug|Any CPU
		{BE7EB93A-CE47-4C75-BBF3-0E3BEC674309}.Debug|Any CPU.Build.0 = Debug|Any CPU
		{BE7EB93A-CE47-4C75-BBF3-0E3BEC674309}.Release|Any CPU.ActiveCfg = Release|Any CPU
		{BE7EB93A-CE47-4C75-BBF3-0E3BEC674309}.Release|Any CPU.Build.0 = Release|Any CPU
		{ECEE8D98-E66A-4987-B9D0-8C19AD4F2461}.Debug|Any CPU.ActiveCfg = Debug|Any CPU
		{ECEE8D98-E66A-4987-B9D0-8C19AD4F2461}.Debug|Any CPU.Build.0 = Debug|Any CPU
		{ECEE8D98-E66A-4987-B9D0-8C19AD4F2461}.Release|Any CPU.ActiveCfg = Release|Any CPU
		{ECEE8D98-E66A-4987-B9D0-8C19AD4F2461}.Release|Any CPU.Build.0 = Release|Any CPU
		{F2098444-B52C-42FE-85B7-3732C894BECD}.Debug|Any CPU.ActiveCfg = Debug|Any CPU
		{F2098444-B52C-42FE-85B7-3732C894BECD}.Debug|Any CPU.Build.0 = Debug|Any CPU
		{F2098444-B52C-42FE-85B7-3732C894BECD}.Release|Any CPU.ActiveCfg = Release|Any CPU
		{F2098444-B52C-42FE-85B7-3732C894BECD}.Release|Any CPU.Build.0 = Release|Any CPU
		{DCEBC248-9A30-491A-8D75-D3B72ED5E5BB}.Debug|Any CPU.ActiveCfg = Debug|Any CPU
		{DCEBC248-9A30-491A-8D75-D3B72ED5E5BB}.Debug|Any CPU.Build.0 = Debug|Any CPU
		{DCEBC248-9A30-491A-8D75-D3B72ED5E5BB}.Release|Any CPU.ActiveCfg = Release|Any CPU
		{DCEBC248-9A30-491A-8D75-D3B72ED5E5BB}.Release|Any CPU.Build.0 = Release|Any CPU
		{1A6BFB83-D59F-4AF3-A5E3-A9F5010E84F2}.Debug|Any CPU.ActiveCfg = Debug|Any CPU
		{1A6BFB83-D59F-4AF3-A5E3-A9F5010E84F2}.Debug|Any CPU.Build.0 = Debug|Any CPU
		{1A6BFB83-D59F-4AF3-A5E3-A9F5010E84F2}.Release|Any CPU.ActiveCfg = Release|Any CPU
		{1A6BFB83-D59F-4AF3-A5E3-A9F5010E84F2}.Release|Any CPU.Build.0 = Release|Any CPU
		{B33E78DF-C238-44B2-B078-ABA1EFCA1D85}.Debug|Any CPU.ActiveCfg = Debug|Any CPU
		{B33E78DF-C238-44B2-B078-ABA1EFCA1D85}.Debug|Any CPU.Build.0 = Debug|Any CPU
		{B33E78DF-C238-44B2-B078-ABA1EFCA1D85}.Release|Any CPU.ActiveCfg = Release|Any CPU
		{B33E78DF-C238-44B2-B078-ABA1EFCA1D85}.Release|Any CPU.Build.0 = Release|Any CPU
		{5B12DD44-9BEF-49EA-86A5-B983217ECF81}.Debug|Any CPU.ActiveCfg = Debug|Any CPU
		{5B12DD44-9BEF-49EA-86A5-B983217ECF81}.Debug|Any CPU.Build.0 = Debug|Any CPU
		{5B12DD44-9BEF-49EA-86A5-B983217ECF81}.Release|Any CPU.ActiveCfg = Release|Any CPU
		{5B12DD44-9BEF-49EA-86A5-B983217ECF81}.Release|Any CPU.Build.0 = Release|Any CPU
		{D35055F7-BC7A-4824-A4CC-1338DBA458A5}.Debug|Any CPU.ActiveCfg = Debug|Any CPU
		{D35055F7-BC7A-4824-A4CC-1338DBA458A5}.Debug|Any CPU.Build.0 = Debug|Any CPU
		{D35055F7-BC7A-4824-A4CC-1338DBA458A5}.Release|Any CPU.ActiveCfg = Release|Any CPU
		{D35055F7-BC7A-4824-A4CC-1338DBA458A5}.Release|Any CPU.Build.0 = Release|Any CPU
		{BD46CF3A-BDBD-49DC-BB33-E6C0A7E832BE}.Debug|Any CPU.ActiveCfg = Debug|Any CPU
		{BD46CF3A-BDBD-49DC-BB33-E6C0A7E832BE}.Debug|Any CPU.Build.0 = Debug|Any CPU
		{BD46CF3A-BDBD-49DC-BB33-E6C0A7E832BE}.Release|Any CPU.ActiveCfg = Release|Any CPU
		{BD46CF3A-BDBD-49DC-BB33-E6C0A7E832BE}.Release|Any CPU.Build.0 = Release|Any CPU
		{BB51777F-30DE-4011-9EF3-030627626096}.Debug|Any CPU.ActiveCfg = Debug|Any CPU
		{BB51777F-30DE-4011-9EF3-030627626096}.Debug|Any CPU.Build.0 = Debug|Any CPU
		{BB51777F-30DE-4011-9EF3-030627626096}.Release|Any CPU.ActiveCfg = Release|Any CPU
		{BB51777F-30DE-4011-9EF3-030627626096}.Release|Any CPU.Build.0 = Release|Any CPU
		{285194C7-7696-4AD6-A19F-F78E59F6383A}.Debug|Any CPU.ActiveCfg = Debug|Any CPU
		{285194C7-7696-4AD6-A19F-F78E59F6383A}.Debug|Any CPU.Build.0 = Debug|Any CPU
		{285194C7-7696-4AD6-A19F-F78E59F6383A}.Release|Any CPU.ActiveCfg = Release|Any CPU
		{285194C7-7696-4AD6-A19F-F78E59F6383A}.Release|Any CPU.Build.0 = Release|Any CPU
	EndGlobalSection
	GlobalSection(SolutionProperties) = preSolution
		HideSolutionNode = FALSE
	EndGlobalSection
	GlobalSection(ExtensibilityGlobals) = postSolution
		SolutionGuid = {7455172E-66FF-4E21-9438-E2C514AA58BB}
	EndGlobalSection
	GlobalSection(NestedProjects) = preSolution
		{5B12DD44-9BEF-49EA-86A5-B983217ECF81} = {E31659FE-3905-479B-B85E-DA4ABAB27B70}
		{FCC766EA-22A4-42A8-A11D-FDE135E87A61} = {E31659FE-3905-479B-B85E-DA4ABAB27B70}
		{D35055F7-BC7A-4824-A4CC-1338DBA458A5} = {FCC766EA-22A4-42A8-A11D-FDE135E87A61}
		{BD46CF3A-BDBD-49DC-BB33-E6C0A7E832BE} = {FCC766EA-22A4-42A8-A11D-FDE135E87A61}
		{BB51777F-30DE-4011-9EF3-030627626096} = {FCC766EA-22A4-42A8-A11D-FDE135E87A61}
		{285194C7-7696-4AD6-A19F-F78E59F6383A} = {FCC766EA-22A4-42A8-A11D-FDE135E87A61}
	EndGlobalSection
EndGlobal
